
Microsoft Visual Studio Solution File, Format Version 12.00
# Visual Studio Version 16
VisualStudioVersion = 16.0.34031.81
MinimumVisualStudioVersion = 10.0.40219.1
Project("{2150E333-8FDC-42A3-9474-1A3956D46DE8}") = "Task0", "Task0", "{45994240-323A-4BEE-A1F0-8010A4128246}"
EndProject
Project("{FAE04EC0-301F-11D3-BF4B-00C04F79EFBC}") = "Tyuiu.YuzhakovYM.Sprint2.Task0.V9", "Tyuiu.YuzhakovYM.Sprint2.Task0.V9\Tyuiu.YuzhakovYM.Sprint2.Task0.V9.csproj", "{EEBE6F78-F939-40A1-BF46-C8C14B730BC1}"
EndProject
Project("{FAE04EC0-301F-11D3-BF4B-00C04F79EFBC}") = "Tyuiu.YuzhakovYM.Sprint2.Task0.V9.Lib", "Tyuiu.YuzhakovYM.Sprint2.Task0.V9.Lib\Tyuiu.YuzhakovYM.Sprint2.Task0.V9.Lib.csproj", "{9C453891-C080-4171-90FF-E89EDBE4365E}"
EndProject
Project("{FAE04EC0-301F-11D3-BF4B-00C04F79EFBC}") = "Tyuiu.YuzhakovYM.Sprint2.Task0.V9.Test", "Tyuiu.YuzhakovYM.Sprint2.Task0.V9.Test\Tyuiu.YuzhakovYM.Sprint2.Task0.V9.Test.csproj", "{2238D3E0-483C-44EC-AF2F-25002C50B0D5}"
EndProject
Project("{2150E333-8FDC-42A3-9474-1A3956D46DE8}") = "Task1", "Task1", "{BA6A66A7-FE74-4FAB-9FBB-78EFF36EABC5}"
EndProject
Project("{FAE04EC0-301F-11D3-BF4B-00C04F79EFBC}") = "Tyuiu.YuzhakovYM.Sprint2.Task1.V11", "Tyuiu.YuzhakovYM.Sprint2.Task1.V11\Tyuiu.YuzhakovYM.Sprint2.Task1.V11.csproj", "{9B33A752-6DEC-4D1F-87B5-A7F666738152}"
EndProject
Project("{FAE04EC0-301F-11D3-BF4B-00C04F79EFBC}") = "Tyuiu.YuzhakovYM.Sprint2.Task1.V11.Lib", "Tyuiu.YuzhakovYM.Sprint2.Task1.V11.Lib\Tyuiu.YuzhakovYM.Sprint2.Task1.V11.Lib.csproj", "{9610D332-E2C7-4B29-BD41-60E5F483F98E}"
EndProject
Project("{FAE04EC0-301F-11D3-BF4B-00C04F79EFBC}") = "Tyuiu.YuzhakovYM.Sprint2.Task1.V11.Test", "Tyuiu.YuzhakovYM.Sprint2.Task1.V11.Test\Tyuiu.YuzhakovYM.Sprint2.Task1.V11.Test.csproj", "{559DBD3C-C0E1-4FAA-902D-92D433D43085}"
EndProject
Project("{2150E333-8FDC-42A3-9474-1A3956D46DE8}") = "Task2", "Task2", "{A91D8511-4A1C-4979-B3D4-7C375AA29064}"
EndProject
Project("{FAE04EC0-301F-11D3-BF4B-00C04F79EFBC}") = "Tyuiu.YuzhakovYM.Sprint2.Task2.V12", "Tyuiu.YuzhakovYM.Sprint2.Task2.V12\Tyuiu.YuzhakovYM.Sprint2.Task2.V12.csproj", "{096912DE-B9AA-475D-8CE3-F70CB0BC0271}"
EndProject
Project("{FAE04EC0-301F-11D3-BF4B-00C04F79EFBC}") = "Tyuiu.YuzhakovYM.Sprint2.Task2.V12.Lib", "Tyuiu.YuzhakovYM.Sprint2.Task2.V12.Lib\Tyuiu.YuzhakovYM.Sprint2.Task2.V12.Lib.csproj", "{2ACBAD5E-034F-42AE-A66A-108D9D4A0745}"
EndProject
Project("{FAE04EC0-301F-11D3-BF4B-00C04F79EFBC}") = "Tyuiu.YuzhakovYM.Sprint2.Task2.V12.Test", "Tyuiu.YuzhakovYM.Sprint2.Task2.V12.Test\Tyuiu.YuzhakovYM.Sprint2.Task2.V12.Test.csproj", "{6789C232-EAB7-4DE3-9932-DC0BC6B4BF3A}"
EndProject
Project("{2150E333-8FDC-42A3-9474-1A3956D46DE8}") = "Task3", "Task3", "{DD3340DA-F480-48BC-B3C7-1A04E9CD0C34}"
EndProject
Project("{FAE04EC0-301F-11D3-BF4B-00C04F79EFBC}") = "Tyuiu.YuzhakovYM.Sprint2.Task3.V20", "Tyuiu.YuzhakovYM.Sprint2.Task3.V20\Tyuiu.YuzhakovYM.Sprint2.Task3.V20.csproj", "{1262F6B2-B05B-4F76-A953-DFD560F98894}"
EndProject
Project("{FAE04EC0-301F-11D3-BF4B-00C04F79EFBC}") = "Tyuiu.YuzhakovYM.Sprint2.Task3.V20.Lib", "Tyuiu.YuzhakovYM.Sprint2.Task3.V20.Lib\Tyuiu.YuzhakovYM.Sprint2.Task3.V20.Lib.csproj", "{55AEE36C-2403-4CC7-8F24-D15CD2A3633C}"
EndProject
Project("{FAE04EC0-301F-11D3-BF4B-00C04F79EFBC}") = "Tyuiu.YuzhakovYM.Sprint2.Task3.V20.Test", "Tyuiu.YuzhakovYM.Sprint2.Task3.V20.Test\Tyuiu.YuzhakovYM.Sprint2.Task3.V20.Test.csproj", "{8ED9FF49-37F8-4DA7-AE3E-92861BE878CF}"
EndProject
Global
	GlobalSection(SolutionConfigurationPlatforms) = preSolution
		Debug|Any CPU = Debug|Any CPU
		Release|Any CPU = Release|Any CPU
	EndGlobalSection
	GlobalSection(ProjectConfigurationPlatforms) = postSolution
		{EEBE6F78-F939-40A1-BF46-C8C14B730BC1}.Debug|Any CPU.ActiveCfg = Debug|Any CPU
		{EEBE6F78-F939-40A1-BF46-C8C14B730BC1}.Debug|Any CPU.Build.0 = Debug|Any CPU
		{EEBE6F78-F939-40A1-BF46-C8C14B730BC1}.Release|Any CPU.ActiveCfg = Release|Any CPU
		{EEBE6F78-F939-40A1-BF46-C8C14B730BC1}.Release|Any CPU.Build.0 = Release|Any CPU
		{9C453891-C080-4171-90FF-E89EDBE4365E}.Debug|Any CPU.ActiveCfg = Debug|Any CPU
		{9C453891-C080-4171-90FF-E89EDBE4365E}.Debug|Any CPU.Build.0 = Debug|Any CPU
		{9C453891-C080-4171-90FF-E89EDBE4365E}.Release|Any CPU.ActiveCfg = Release|Any CPU
		{9C453891-C080-4171-90FF-E89EDBE4365E}.Release|Any CPU.Build.0 = Release|Any CPU
		{2238D3E0-483C-44EC-AF2F-25002C50B0D5}.Debug|Any CPU.ActiveCfg = Debug|Any CPU
		{2238D3E0-483C-44EC-AF2F-25002C50B0D5}.Debug|Any CPU.Build.0 = Debug|Any CPU
		{2238D3E0-483C-44EC-AF2F-25002C50B0D5}.Release|Any CPU.ActiveCfg = Release|Any CPU
		{2238D3E0-483C-44EC-AF2F-25002C50B0D5}.Release|Any CPU.Build.0 = Release|Any CPU
		{9B33A752-6DEC-4D1F-87B5-A7F666738152}.Debug|Any CPU.ActiveCfg = Debug|Any CPU
		{9B33A752-6DEC-4D1F-87B5-A7F666738152}.Debug|Any CPU.Build.0 = Debug|Any CPU
		{9B33A752-6DEC-4D1F-87B5-A7F666738152}.Release|Any CPU.ActiveCfg = Release|Any CPU
		{9B33A752-6DEC-4D1F-87B5-A7F666738152}.Release|Any CPU.Build.0 = Release|Any CPU
		{9610D332-E2C7-4B29-BD41-60E5F483F98E}.Debug|Any CPU.ActiveCfg = Debug|Any CPU
		{9610D332-E2C7-4B29-BD41-60E5F483F98E}.Debug|Any CPU.Build.0 = Debug|Any CPU
		{9610D332-E2C7-4B29-BD41-60E5F483F98E}.Release|Any CPU.ActiveCfg = Release|Any CPU
		{9610D332-E2C7-4B29-BD41-60E5F483F98E}.Release|Any CPU.Build.0 = Release|Any CPU
		{559DBD3C-C0E1-4FAA-902D-92D433D43085}.Debug|Any CPU.ActiveCfg = Debug|Any CPU
		{559DBD3C-C0E1-4FAA-902D-92D433D43085}.Debug|Any CPU.Build.0 = Debug|Any CPU
		{559DBD3C-C0E1-4FAA-902D-92D433D43085}.Release|Any CPU.ActiveCfg = Release|Any CPU
		{559DBD3C-C0E1-4FAA-902D-92D433D43085}.Release|Any CPU.Build.0 = Release|Any CPU
		{096912DE-B9AA-475D-8CE3-F70CB0BC0271}.Debug|Any CPU.ActiveCfg = Debug|Any CPU
		{096912DE-B9AA-475D-8CE3-F70CB0BC0271}.Debug|Any CPU.Build.0 = Debug|Any CPU
		{096912DE-B9AA-475D-8CE3-F70CB0BC0271}.Release|Any CPU.ActiveCfg = Release|Any CPU
		{096912DE-B9AA-475D-8CE3-F70CB0BC0271}.Release|Any CPU.Build.0 = Release|Any CPU
		{2ACBAD5E-034F-42AE-A66A-108D9D4A0745}.Debug|Any CPU.ActiveCfg = Debug|Any CPU
		{2ACBAD5E-034F-42AE-A66A-108D9D4A0745}.Debug|Any CPU.Build.0 = Debug|Any CPU
		{2ACBAD5E-034F-42AE-A66A-108D9D4A0745}.Release|Any CPU.ActiveCfg = Release|Any CPU
		{2ACBAD5E-034F-42AE-A66A-108D9D4A0745}.Release|Any CPU.Build.0 = Release|Any CPU
		{6789C232-EAB7-4DE3-9932-DC0BC6B4BF3A}.Debug|Any CPU.ActiveCfg = Debug|Any CPU
		{6789C232-EAB7-4DE3-9932-DC0BC6B4BF3A}.Debug|Any CPU.Build.0 = Debug|Any CPU
		{6789C232-EAB7-4DE3-9932-DC0BC6B4BF3A}.Release|Any CPU.ActiveCfg = Release|Any CPU
		{6789C232-EAB7-4DE3-9932-DC0BC6B4BF3A}.Release|Any CPU.Build.0 = Release|Any CPU
		{1262F6B2-B05B-4F76-A953-DFD560F98894}.Debug|Any CPU.ActiveCfg = Debug|Any CPU
		{1262F6B2-B05B-4F76-A953-DFD560F98894}.Debug|Any CPU.Build.0 = Debug|Any CPU
		{1262F6B2-B05B-4F76-A953-DFD560F98894}.Release|Any CPU.ActiveCfg = Release|Any CPU
		{1262F6B2-B05B-4F76-A953-DFD560F98894}.Release|Any CPU.Build.0 = Release|Any CPU
		{55AEE36C-2403-4CC7-8F24-D15CD2A3633C}.Debug|Any CPU.ActiveCfg = Debug|Any CPU
		{55AEE36C-2403-4CC7-8F24-D15CD2A3633C}.Debug|Any CPU.Build.0 = Debug|Any CPU
		{55AEE36C-2403-4CC7-8F24-D15CD2A3633C}.Release|Any CPU.ActiveCfg = Release|Any CPU
		{55AEE36C-2403-4CC7-8F24-D15CD2A3633C}.Release|Any CPU.Build.0 = Release|Any CPU
		{8ED9FF49-37F8-4DA7-AE3E-92861BE878CF}.Debug|Any CPU.ActiveCfg = Debug|Any CPU
		{8ED9FF49-37F8-4DA7-AE3E-92861BE878CF}.Debug|Any CPU.Build.0 = Debug|Any CPU
		{8ED9FF49-37F8-4DA7-AE3E-92861BE878CF}.Release|Any CPU.ActiveCfg = Release|Any CPU
		{8ED9FF49-37F8-4DA7-AE3E-92861BE878CF}.Release|Any CPU.Build.0 = Release|Any CPU
	EndGlobalSection
	GlobalSection(SolutionProperties) = preSolution
		HideSolutionNode = FALSE
	EndGlobalSection
	GlobalSection(NestedProjects) = preSolution
		{EEBE6F78-F939-40A1-BF46-C8C14B730BC1} = {45994240-323A-4BEE-A1F0-8010A4128246}
		{9C453891-C080-4171-90FF-E89EDBE4365E} = {45994240-323A-4BEE-A1F0-8010A4128246}
		{2238D3E0-483C-44EC-AF2F-25002C50B0D5} = {45994240-323A-4BEE-A1F0-8010A4128246}
		{9B33A752-6DEC-4D1F-87B5-A7F666738152} = {BA6A66A7-FE74-4FAB-9FBB-78EFF36EABC5}
		{9610D332-E2C7-4B29-BD41-60E5F483F98E} = {BA6A66A7-FE74-4FAB-9FBB-78EFF36EABC5}
		{559DBD3C-C0E1-4FAA-902D-92D433D43085} = {BA6A66A7-FE74-4FAB-9FBB-78EFF36EABC5}
		{096912DE-B9AA-475D-8CE3-F70CB0BC0271} = {A91D8511-4A1C-4979-B3D4-7C375AA29064}
		{2ACBAD5E-034F-42AE-A66A-108D9D4A0745} = {A91D8511-4A1C-4979-B3D4-7C375AA29064}
		{6789C232-EAB7-4DE3-9932-DC0BC6B4BF3A} = {A91D8511-4A1C-4979-B3D4-7C375AA29064}
		{1262F6B2-B05B-4F76-A953-DFD560F98894} = {DD3340DA-F480-48BC-B3C7-1A04E9CD0C34}
		{55AEE36C-2403-4CC7-8F24-D15CD2A3633C} = {DD3340DA-F480-48BC-B3C7-1A04E9CD0C34}
		{8ED9FF49-37F8-4DA7-AE3E-92861BE878CF} = {DD3340DA-F480-48BC-B3C7-1A04E9CD0C34}
	EndGlobalSection
	GlobalSection(ExtensibilityGlobals) = postSolution
		SolutionGuid = {CB0BB304-4288-4B61-A363-63B5FC1039EB}
	EndGlobalSection
EndGlobal
