
Microsoft Visual Studio Solution File, Format Version 12.00
# Visual Studio Version 16
VisualStudioVersion = 16.0.34031.81
MinimumVisualStudioVersion = 10.0.40219.1
Project("{2150E333-8FDC-42A3-9474-1A3956D46DE8}") = "Task0", "Task0", "{45994240-323A-4BEE-A1F0-8010A4128246}"
EndProject
Project("{FAE04EC0-301F-11D3-BF4B-00C04F79EFBC}") = "Tyuiu.YuzhakovYM.Sprint2.Task0.V9", "Tyuiu.YuzhakovYM.Sprint2.Task0.V9\Tyuiu.YuzhakovYM.Sprint2.Task0.V9.csproj", "{EEBE6F78-F939-40A1-BF46-C8C14B730BC1}"
EndProject
Project("{FAE04EC0-301F-11D3-BF4B-00C04F79EFBC}") = "Tyuiu.YuzhakovYM.Sprint2.Task0.V9.Lib", "Tyuiu.YuzhakovYM.Sprint2.Task0.V9.Lib\Tyuiu.YuzhakovYM.Sprint2.Task0.V9.Lib.csproj", "{9C453891-C080-4171-90FF-E89EDBE4365E}"
EndProject
Project("{FAE04EC0-301F-11D3-BF4B-00C04F79EFBC}") = "Tyuiu.YuzhakovYM.Sprint2.Task0.V9.Test", "Tyuiu.YuzhakovYM.Sprint2.Task0.V9.Test\Tyuiu.YuzhakovYM.Sprint2.Task0.V9.Test.csproj", "{2238D3E0-483C-44EC-AF2F-25002C50B0D5}"
EndProject
Project("{2150E333-8FDC-42A3-9474-1A3956D46DE8}") = "Task1", "Task1", "{BA6A66A7-FE74-4FAB-9FBB-78EFF36EABC5}"
EndProject
Project("{FAE04EC0-301F-11D3-BF4B-00C04F79EFBC}") = "Tyuiu.YuzhakovYM.Sprint2.Task1.V11", "Tyuiu.YuzhakovYM.Sprint2.Task1.V11\Tyuiu.YuzhakovYM.Sprint2.Task1.V11.csproj", "{9B33A752-6DEC-4D1F-87B5-A7F666738152}"
EndProject
Project("{FAE04EC0-301F-11D3-BF4B-00C04F79EFBC}") = "Tyuiu.YuzhakovYM.Sprint2.Task1.V11.Lib", "Tyuiu.YuzhakovYM.Sprint2.Task1.V11.Lib\Tyuiu.YuzhakovYM.Sprint2.Task1.V11.Lib.csproj", "{9610D332-E2C7-4B29-BD41-60E5F483F98E}"
EndProject
Project("{FAE04EC0-301F-11D3-BF4B-00C04F79EFBC}") = "Tyuiu.YuzhakovYM.Sprint2.Task1.V11.Test", "Tyuiu.YuzhakovYM.Sprint2.Task1.V11.Test\Tyuiu.YuzhakovYM.Sprint2.Task1.V11.Test.csproj", "{559DBD3C-C0E1-4FAA-902D-92D433D43085}"
EndProject
Project("{2150E333-8FDC-42A3-9474-1A3956D46DE8}") = "Task2", "Task2", "{A91D8511-4A1C-4979-B3D4-7C375AA29064}"
EndProject
Project("{FAE04EC0-301F-11D3-BF4B-00C04F79EFBC}") = "Tyuiu.YuzhakovYM.Sprint2.Task2.V12", "Tyuiu.YuzhakovYM.Sprint2.Task2.V12\Tyuiu.YuzhakovYM.Sprint2.Task2.V12.csproj", "{096912DE-B9AA-475D-8CE3-F70CB0BC0271}"
EndProject
Project("{FAE04EC0-301F-11D3-BF4B-00C04F79EFBC}") = "Tyuiu.YuzhakovYM.Sprint2.Task2.V12.Lib", "Tyuiu.YuzhakovYM.Sprint2.Task2.V12.Lib\Tyuiu.YuzhakovYM.Sprint2.Task2.V12.Lib.csproj", "{2ACBAD5E-034F-42AE-A66A-108D9D4A0745}"
EndProject
Project("{FAE04EC0-301F-11D3-BF4B-00C04F79EFBC}") = "Tyuiu.YuzhakovYM.Sprint2.Task2.V12.Test", "Tyuiu.YuzhakovYM.Sprint2.Task2.V12.Test\Tyuiu.YuzhakovYM.Sprint2.Task2.V12.Test.csproj", "{6789C232-EAB7-4DE3-9932-DC0BC6B4BF3A}"
EndProject
Project("{2150E333-8FDC-42A3-9474-1A3956D46DE8}") = "Task3", "Task3", "{DD3340DA-F480-48BC-B3C7-1A04E9CD0C34}"
EndProject
Project("{FAE04EC0-301F-11D3-BF4B-00C04F79EFBC}") = "Tyuiu.YuzhakovYM.Sprint2.Task3.V20", "Tyuiu.YuzhakovYM.Sprint2.Task3.V20\Tyuiu.YuzhakovYM.Sprint2.Task3.V20.csproj", "{1262F6B2-B05B-4F76-A953-DFD560F98894}"
EndProject
Project("{FAE04EC0-301F-11D3-BF4B-00C04F79EFBC}") = "Tyuiu.YuzhakovYM.Sprint2.Task3.V20.Lib", "Tyuiu.YuzhakovYM.Sprint2.Task3.V20.Lib\Tyuiu.YuzhakovYM.Sprint2.Task3.V20.Lib.csproj", "{55AEE36C-2403-4CC7-8F24-D15CD2A3633C}"
EndProject
Project("{FAE04EC0-301F-11D3-BF4B-00C04F79EFBC}") = "Tyuiu.YuzhakovYM.Sprint2.Task3.V20.Test", "Tyuiu.YuzhakovYM.Sprint2.Task3.V20.Test\Tyuiu.YuzhakovYM.Sprint2.Task3.V20.Test.csproj", "{8ED9FF49-37F8-4DA7-AE3E-92861BE878CF}"
EndProject
Project("{2150E333-8FDC-42A3-9474-1A3956D46DE8}") = "Task4", "Task4", "{ADC9AF67-E2BC-428B-A2AF-01ABB94FE66F}"
EndProject
Project("{FAE04EC0-301F-11D3-BF4B-00C04F79EFBC}") = "Tyuiu.YuzhakovYM.Sprint2.Task4.V2", "Tyuiu.YuzhakovYM.Sprint2.Task4.V2\Tyuiu.YuzhakovYM.Sprint2.Task4.V2.csproj", "{3D797AA7-9CB7-487B-A820-50EF4920EEA8}"
EndProject
Project("{FAE04EC0-301F-11D3-BF4B-00C04F79EFBC}") = "Tyuiu.YuzhakovYM.Sprint2.Task4.V2.Lib", "Tyuiu.YuzhakovYM.Sprint2.Task4.V2.Lib\Tyuiu.YuzhakovYM.Sprint2.Task4.V2.Lib.csproj", "{042E4726-7BD3-4C92-9396-658C6A82058B}"
EndProject
Project("{FAE04EC0-301F-11D3-BF4B-00C04F79EFBC}") = "Tyuiu.YuzhakovYM.Sprint2.Task4.V2.Test", "Tyuiu.YuzhakovYM.Sprint2.Task4.V2.Test\Tyuiu.YuzhakovYM.Sprint2.Task4.V2.Test.csproj", "{4D0ADB6C-FAB0-4F63-BC93-A26AF3F6C6D0}"
EndProject
Project("{2150E333-8FDC-42A3-9474-1A3956D46DE8}") = "Task5", "Task5", "{2D7D0F8A-1672-49BF-9EEB-2F9BC3104680}"
EndProject
Project("{FAE04EC0-301F-11D3-BF4B-00C04F79EFBC}") = "Tyuiu.YuzhakovYM.Sprint2.Task5.V4", "Tyuiu.YuzhakovYM.Sprint2.Task5.V4\Tyuiu.YuzhakovYM.Sprint2.Task5.V4.csproj", "{2DB47C70-DC74-478E-A0F6-B23F50EEC1B0}"
EndProject
Project("{FAE04EC0-301F-11D3-BF4B-00C04F79EFBC}") = "Tyuiu.YuzhakovYM.Sprint2.Task5.V4.Lib", "Tyuiu.YuzhakovYM.Sprint2.Task5.V4.Lib\Tyuiu.YuzhakovYM.Sprint2.Task5.V4.Lib.csproj", "{11315556-0936-4F75-B2E8-6C7CE73E4ADD}"
EndProject
Project("{FAE04EC0-301F-11D3-BF4B-00C04F79EFBC}") = "Tyuiu.YuzhakovYM.Sprint2.Task5.V4.Test", "Tyuiu.YuzhakovYM.Sprint2.Task5.V4.Test\Tyuiu.YuzhakovYM.Sprint2.Task5.V4.Test.csproj", "{35D4FA02-DB97-4B47-89F0-B706C52FE512}"
EndProject
Project("{2150E333-8FDC-42A3-9474-1A3956D46DE8}") = "Task6", "Task6", "{794422B7-2E4E-488A-B8E1-CDA84507A7B1}"
EndProject
Project("{FAE04EC0-301F-11D3-BF4B-00C04F79EFBC}") = "Tyuiu.YuzhakovYM.Sprint2.Task6.V6", "Tyuiu.YuzhakovYM.Sprint2.Task6.V6\Tyuiu.YuzhakovYM.Sprint2.Task6.V6.csproj", "{758FA25F-B09F-4074-BA84-D6BB306E6285}"
EndProject
Project("{FAE04EC0-301F-11D3-BF4B-00C04F79EFBC}") = "Tyuiu.YuzhakovYM.Sprint2.Task6.V6.Lib", "Tyuiu.YuzhakovYM.Sprint2.Task6.V6.Lib\Tyuiu.YuzhakovYM.Sprint2.Task6.V6.Lib.csproj", "{CA7B0F99-BA12-4817-9371-3BA601EB417A}"
EndProject
Project("{FAE04EC0-301F-11D3-BF4B-00C04F79EFBC}") = "Tyuiu.YuzhakovYM.Sprint2.Task6.V6.Test", "Tyuiu.YuzhakovYM.Sprint2.Task6.V6.Test\Tyuiu.YuzhakovYM.Sprint2.Task6.V6.Test.csproj", "{C653F80A-78CB-4AEF-A471-462CF1E7606A}"
EndProject
Global
	GlobalSection(SolutionConfigurationPlatforms) = preSolution
		Debug|Any CPU = Debug|Any CPU
		Release|Any CPU = Release|Any CPU
	EndGlobalSection
	GlobalSection(ProjectConfigurationPlatforms) = postSolution
		{EEBE6F78-F939-40A1-BF46-C8C14B730BC1}.Debug|Any CPU.ActiveCfg = Debug|Any CPU
		{EEBE6F78-F939-40A1-BF46-C8C14B730BC1}.Debug|Any CPU.Build.0 = Debug|Any CPU
		{EEBE6F78-F939-40A1-BF46-C8C14B730BC1}.Release|Any CPU.ActiveCfg = Release|Any CPU
		{EEBE6F78-F939-40A1-BF46-C8C14B730BC1}.Release|Any CPU.Build.0 = Release|Any CPU
		{9C453891-C080-4171-90FF-E89EDBE4365E}.Debug|Any CPU.ActiveCfg = Debug|Any CPU
		{9C453891-C080-4171-90FF-E89EDBE4365E}.Debug|Any CPU.Build.0 = Debug|Any CPU
		{9C453891-C080-4171-90FF-E89EDBE4365E}.Release|Any CPU.ActiveCfg = Release|Any CPU
		{9C453891-C080-4171-90FF-E89EDBE4365E}.Release|Any CPU.Build.0 = Release|Any CPU
		{2238D3E0-483C-44EC-AF2F-25002C50B0D5}.Debug|Any CPU.ActiveCfg = Debug|Any CPU
		{2238D3E0-483C-44EC-AF2F-25002C50B0D5}.Debug|Any CPU.Build.0 = Debug|Any CPU
		{2238D3E0-483C-44EC-AF2F-25002C50B0D5}.Release|Any CPU.ActiveCfg = Release|Any CPU
		{2238D3E0-483C-44EC-AF2F-25002C50B0D5}.Release|Any CPU.Build.0 = Release|Any CPU
		{9B33A752-6DEC-4D1F-87B5-A7F666738152}.Debug|Any CPU.ActiveCfg = Debug|Any CPU
		{9B33A752-6DEC-4D1F-87B5-A7F666738152}.Debug|Any CPU.Build.0 = Debug|Any CPU
		{9B33A752-6DEC-4D1F-87B5-A7F666738152}.Release|Any CPU.ActiveCfg = Release|Any CPU
		{9B33A752-6DEC-4D1F-87B5-A7F666738152}.Release|Any CPU.Build.0 = Release|Any CPU
		{9610D332-E2C7-4B29-BD41-60E5F483F98E}.Debug|Any CPU.ActiveCfg = Debug|Any CPU
		{9610D332-E2C7-4B29-BD41-60E5F483F98E}.Debug|Any CPU.Build.0 = Debug|Any CPU
		{9610D332-E2C7-4B29-BD41-60E5F483F98E}.Release|Any CPU.ActiveCfg = Release|Any CPU
		{9610D332-E2C7-4B29-BD41-60E5F483F98E}.Release|Any CPU.Build.0 = Release|Any CPU
		{559DBD3C-C0E1-4FAA-902D-92D433D43085}.Debug|Any CPU.ActiveCfg = Debug|Any CPU
		{559DBD3C-C0E1-4FAA-902D-92D433D43085}.Debug|Any CPU.Build.0 = Debug|Any CPU
		{559DBD3C-C0E1-4FAA-902D-92D433D43085}.Release|Any CPU.ActiveCfg = Release|Any CPU
		{559DBD3C-C0E1-4FAA-902D-92D433D43085}.Release|Any CPU.Build.0 = Release|Any CPU
		{096912DE-B9AA-475D-8CE3-F70CB0BC0271}.Debug|Any CPU.ActiveCfg = Debug|Any CPU
		{096912DE-B9AA-475D-8CE3-F70CB0BC0271}.Debug|Any CPU.Build.0 = Debug|Any CPU
		{096912DE-B9AA-475D-8CE3-F70CB0BC0271}.Release|Any CPU.ActiveCfg = Release|Any CPU
		{096912DE-B9AA-475D-8CE3-F70CB0BC0271}.Release|Any CPU.Build.0 = Release|Any CPU
		{2ACBAD5E-034F-42AE-A66A-108D9D4A0745}.Debug|Any CPU.ActiveCfg = Debug|Any CPU
		{2ACBAD5E-034F-42AE-A66A-108D9D4A0745}.Debug|Any CPU.Build.0 = Debug|Any CPU
		{2ACBAD5E-034F-42AE-A66A-108D9D4A0745}.Release|Any CPU.ActiveCfg = Release|Any CPU
		{2ACBAD5E-034F-42AE-A66A-108D9D4A0745}.Release|Any CPU.Build.0 = Release|Any CPU
		{6789C232-EAB7-4DE3-9932-DC0BC6B4BF3A}.Debug|Any CPU.ActiveCfg = Debug|Any CPU
		{6789C232-EAB7-4DE3-9932-DC0BC6B4BF3A}.Debug|Any CPU.Build.0 = Debug|Any CPU
		{6789C232-EAB7-4DE3-9932-DC0BC6B4BF3A}.Release|Any CPU.ActiveCfg = Release|Any CPU
		{6789C232-EAB7-4DE3-9932-DC0BC6B4BF3A}.Release|Any CPU.Build.0 = Release|Any CPU
		{1262F6B2-B05B-4F76-A953-DFD560F98894}.Debug|Any CPU.ActiveCfg = Debug|Any CPU
		{1262F6B2-B05B-4F76-A953-DFD560F98894}.Debug|Any CPU.Build.0 = Debug|Any CPU
		{1262F6B2-B05B-4F76-A953-DFD560F98894}.Release|Any CPU.ActiveCfg = Release|Any CPU
		{1262F6B2-B05B-4F76-A953-DFD560F98894}.Release|Any CPU.Build.0 = Release|Any CPU
		{55AEE36C-2403-4CC7-8F24-D15CD2A3633C}.Debug|Any CPU.ActiveCfg = Debug|Any CPU
		{55AEE36C-2403-4CC7-8F24-D15CD2A3633C}.Debug|Any CPU.Build.0 = Debug|Any CPU
		{55AEE36C-2403-4CC7-8F24-D15CD2A3633C}.Release|Any CPU.ActiveCfg = Release|Any CPU
		{55AEE36C-2403-4CC7-8F24-D15CD2A3633C}.Release|Any CPU.Build.0 = Release|Any CPU
		{8ED9FF49-37F8-4DA7-AE3E-92861BE878CF}.Debug|Any CPU.ActiveCfg = Debug|Any CPU
		{8ED9FF49-37F8-4DA7-AE3E-92861BE878CF}.Debug|Any CPU.Build.0 = Debug|Any CPU
		{8ED9FF49-37F8-4DA7-AE3E-92861BE878CF}.Release|Any CPU.ActiveCfg = Release|Any CPU
		{8ED9FF49-37F8-4DA7-AE3E-92861BE878CF}.Release|Any CPU.Build.0 = Release|Any CPU
		{3D797AA7-9CB7-487B-A820-50EF4920EEA8}.Debug|Any CPU.ActiveCfg = Debug|Any CPU
		{3D797AA7-9CB7-487B-A820-50EF4920EEA8}.Debug|Any CPU.Build.0 = Debug|Any CPU
		{3D797AA7-9CB7-487B-A820-50EF4920EEA8}.Release|Any CPU.ActiveCfg = Release|Any CPU
		{3D797AA7-9CB7-487B-A820-50EF4920EEA8}.Release|Any CPU.Build.0 = Release|Any CPU
		{042E4726-7BD3-4C92-9396-658C6A82058B}.Debug|Any CPU.ActiveCfg = Debug|Any CPU
		{042E4726-7BD3-4C92-9396-658C6A82058B}.Debug|Any CPU.Build.0 = Debug|Any CPU
		{042E4726-7BD3-4C92-9396-658C6A82058B}.Release|Any CPU.ActiveCfg = Release|Any CPU
		{042E4726-7BD3-4C92-9396-658C6A82058B}.Release|Any CPU.Build.0 = Release|Any CPU
		{4D0ADB6C-FAB0-4F63-BC93-A26AF3F6C6D0}.Debug|Any CPU.ActiveCfg = Debug|Any CPU
		{4D0ADB6C-FAB0-4F63-BC93-A26AF3F6C6D0}.Debug|Any CPU.Build.0 = Debug|Any CPU
		{4D0ADB6C-FAB0-4F63-BC93-A26AF3F6C6D0}.Release|Any CPU.ActiveCfg = Release|Any CPU
		{4D0ADB6C-FAB0-4F63-BC93-A26AF3F6C6D0}.Release|Any CPU.Build.0 = Release|Any CPU
		{2DB47C70-DC74-478E-A0F6-B23F50EEC1B0}.Debug|Any CPU.ActiveCfg = Debug|Any CPU
		{2DB47C70-DC74-478E-A0F6-B23F50EEC1B0}.Debug|Any CPU.Build.0 = Debug|Any CPU
		{2DB47C70-DC74-478E-A0F6-B23F50EEC1B0}.Release|Any CPU.ActiveCfg = Release|Any CPU
		{2DB47C70-DC74-478E-A0F6-B23F50EEC1B0}.Release|Any CPU.Build.0 = Release|Any CPU
		{11315556-0936-4F75-B2E8-6C7CE73E4ADD}.Debug|Any CPU.ActiveCfg = Debug|Any CPU
		{11315556-0936-4F75-B2E8-6C7CE73E4ADD}.Debug|Any CPU.Build.0 = Debug|Any CPU
		{11315556-0936-4F75-B2E8-6C7CE73E4ADD}.Release|Any CPU.ActiveCfg = Release|Any CPU
		{11315556-0936-4F75-B2E8-6C7CE73E4ADD}.Release|Any CPU.Build.0 = Release|Any CPU
		{35D4FA02-DB97-4B47-89F0-B706C52FE512}.Debug|Any CPU.ActiveCfg = Debug|Any CPU
		{35D4FA02-DB97-4B47-89F0-B706C52FE512}.Debug|Any CPU.Build.0 = Debug|Any CPU
		{35D4FA02-DB97-4B47-89F0-B706C52FE512}.Release|Any CPU.ActiveCfg = Release|Any CPU
		{35D4FA02-DB97-4B47-89F0-B706C52FE512}.Release|Any CPU.Build.0 = Release|Any CPU
		{758FA25F-B09F-4074-BA84-D6BB306E6285}.Debug|Any CPU.ActiveCfg = Debug|Any CPU
		{758FA25F-B09F-4074-BA84-D6BB306E6285}.Debug|Any CPU.Build.0 = Debug|Any CPU
		{758FA25F-B09F-4074-BA84-D6BB306E6285}.Release|Any CPU.ActiveCfg = Release|Any CPU
		{758FA25F-B09F-4074-BA84-D6BB306E6285}.Release|Any CPU.Build.0 = Release|Any CPU
		{CA7B0F99-BA12-4817-9371-3BA601EB417A}.Debug|Any CPU.ActiveCfg = Debug|Any CPU
		{CA7B0F99-BA12-4817-9371-3BA601EB417A}.Debug|Any CPU.Build.0 = Debug|Any CPU
		{CA7B0F99-BA12-4817-9371-3BA601EB417A}.Release|Any CPU.ActiveCfg = Release|Any CPU
		{CA7B0F99-BA12-4817-9371-3BA601EB417A}.Release|Any CPU.Build.0 = Release|Any CPU
		{C653F80A-78CB-4AEF-A471-462CF1E7606A}.Debug|Any CPU.ActiveCfg = Debug|Any CPU
		{C653F80A-78CB-4AEF-A471-462CF1E7606A}.Debug|Any CPU.Build.0 = Debug|Any CPU
		{C653F80A-78CB-4AEF-A471-462CF1E7606A}.Release|Any CPU.ActiveCfg = Release|Any CPU
		{C653F80A-78CB-4AEF-A471-462CF1E7606A}.Release|Any CPU.Build.0 = Release|Any CPU
	EndGlobalSection
	GlobalSection(SolutionProperties) = preSolution
		HideSolutionNode = FALSE
	EndGlobalSection
	GlobalSection(NestedProjects) = preSolution
		{EEBE6F78-F939-40A1-BF46-C8C14B730BC1} = {45994240-323A-4BEE-A1F0-8010A4128246}
		{9C453891-C080-4171-90FF-E89EDBE4365E} = {45994240-323A-4BEE-A1F0-8010A4128246}
		{2238D3E0-483C-44EC-AF2F-25002C50B0D5} = {45994240-323A-4BEE-A1F0-8010A4128246}
		{9B33A752-6DEC-4D1F-87B5-A7F666738152} = {BA6A66A7-FE74-4FAB-9FBB-78EFF36EABC5}
		{9610D332-E2C7-4B29-BD41-60E5F483F98E} = {BA6A66A7-FE74-4FAB-9FBB-78EFF36EABC5}
		{559DBD3C-C0E1-4FAA-902D-92D433D43085} = {BA6A66A7-FE74-4FAB-9FBB-78EFF36EABC5}
		{096912DE-B9AA-475D-8CE3-F70CB0BC0271} = {A91D8511-4A1C-4979-B3D4-7C375AA29064}
		{2ACBAD5E-034F-42AE-A66A-108D9D4A0745} = {A91D8511-4A1C-4979-B3D4-7C375AA29064}
		{6789C232-EAB7-4DE3-9932-DC0BC6B4BF3A} = {A91D8511-4A1C-4979-B3D4-7C375AA29064}
		{1262F6B2-B05B-4F76-A953-DFD560F98894} = {DD3340DA-F480-48BC-B3C7-1A04E9CD0C34}
		{55AEE36C-2403-4CC7-8F24-D15CD2A3633C} = {DD3340DA-F480-48BC-B3C7-1A04E9CD0C34}
		{8ED9FF49-37F8-4DA7-AE3E-92861BE878CF} = {DD3340DA-F480-48BC-B3C7-1A04E9CD0C34}
		{3D797AA7-9CB7-487B-A820-50EF4920EEA8} = {ADC9AF67-E2BC-428B-A2AF-01ABB94FE66F}
		{042E4726-7BD3-4C92-9396-658C6A82058B} = {ADC9AF67-E2BC-428B-A2AF-01ABB94FE66F}
		{4D0ADB6C-FAB0-4F63-BC93-A26AF3F6C6D0} = {ADC9AF67-E2BC-428B-A2AF-01ABB94FE66F}
		{2DB47C70-DC74-478E-A0F6-B23F50EEC1B0} = {2D7D0F8A-1672-49BF-9EEB-2F9BC3104680}
		{11315556-0936-4F75-B2E8-6C7CE73E4ADD} = {2D7D0F8A-1672-49BF-9EEB-2F9BC3104680}
		{35D4FA02-DB97-4B47-89F0-B706C52FE512} = {2D7D0F8A-1672-49BF-9EEB-2F9BC3104680}
		{758FA25F-B09F-4074-BA84-D6BB306E6285} = {794422B7-2E4E-488A-B8E1-CDA84507A7B1}
		{CA7B0F99-BA12-4817-9371-3BA601EB417A} = {794422B7-2E4E-488A-B8E1-CDA84507A7B1}
		{C653F80A-78CB-4AEF-A471-462CF1E7606A} = {794422B7-2E4E-488A-B8E1-CDA84507A7B1}
	EndGlobalSection
	GlobalSection(ExtensibilityGlobals) = postSolution
		SolutionGuid = {CB0BB304-4288-4B61-A363-63B5FC1039EB}
	EndGlobalSection
EndGlobal
